PODS:
  - LTMorphingLabel (0.1.1)
  - ZCAnimatedLabel (0.0.4)
  - ZFRippleButton (0.5.1)

DEPENDENCIES:
  - LTMorphingLabel (from `https://github.com/lexrus/LTMorphingLabel`)
  - ZCAnimatedLabel
  - ZFRippleButton

EXTERNAL SOURCES:
  LTMorphingLabel:
    :git: https://github.com/lexrus/LTMorphingLabel

CHECKOUT OPTIONS:
  LTMorphingLabel:
    :commit: 945c40f243fd450e669ed0f4fdb89e7bb73e1e52
    :git: https://github.com/lexrus/LTMorphingLabel

SPEC CHECKSUMS:
  LTMorphingLabel: 254c44f9ef5afa79d3464f8b89d7b00567e5aebc
  ZCAnimatedLabel: 519b688bef4403fd356bc785f9b61cdfd8e6472d
  ZFRippleButton: 263bdf4e31dabd5826133b121d9ff908c87a6a11

COCOAPODS: 0.39.0
